
Microsoft Visual Studio Solution File, Format Version 12.00
# Visual Studio Version 16
VisualStudioVersion = 16.0.31129.286
MinimumVisualStudioVersion = 10.0.40219.1
Project("{FAE04EC0-301F-11D3-BF4B-00C04F79EFBC}") = "WindowsFormsApp", "WindowsFormsApp\WindowsFormsApp.csproj", "{C97C5026-68EB-4DD6-935E-FF771D61BD73}"
EndProject
Global
	GlobalSection(SolutionConfigurationPlatforms) = preSolution
		Debug|Any CPU = Debug|Any CPU
		Release|Any CPU = Release|Any CPU
	EndGlobalSection
	GlobalSection(ProjectConfigurationPlatforms) = postSolution
		{C97C5026-68EB-4DD6-935E-FF771D61BD73}.Debug|Any CPU.ActiveCfg = Debug|Any CPU
		{C97C5026-68EB-4DD6-935E-FF771D61BD73}.Debug|Any CPU.Build.0 = Debug|Any CPU
		{C97C5026-68EB-4DD6-935E-FF771D61BD73}.Release|Any CPU.ActiveCfg = Release|Any CPU
		{C97C5026-68EB-4DD6-935E-FF771D61BD73}.Release|Any CPU.Build.0 = Release|Any CPU
	EndGlobalSection
	GlobalSection(SolutionProperties) = preSolution
		HideSolutionNode = FALSE
	EndGlobalSection
	GlobalSection(ExtensibilityGlobals) = postSolution
		SolutionGuid = {08657047-56A2-4D2B-A084-D886A2A1A592}
	EndGlobalSection
EndGlobal
